
Microsoft Visual Studio Solution File, Format Version 12.00
# Visual Studio 15
VisualStudioVersion = 15.0.27703.2000
MinimumVisualStudioVersion = 10.0.40219.1
Project("{FAE04EC0-301F-11D3-BF4B-00C04F79EFBC}") = "XamWPFDemo.Android", "XamWPFDemo\XamWPFDemo.Android\XamWPFDemo.Android.csproj", "{78E95CB6-B26A-4F8E-BCE5-D28ADC6A0163}"
EndProject
Project("{FAE04EC0-301F-11D3-BF4B-00C04F79EFBC}") = "XamWPFDemo.iOS", "XamWPFDemo\XamWPFDemo.iOS\XamWPFDemo.iOS.csproj", "{42CFA3F0-AF15-46F0-8D2C-409925826BA7}"
EndProject
Project("{FAE04EC0-301F-11D3-BF4B-00C04F79EFBC}") = "XamWPFDemo.UWP", "XamWPFDemo\XamWPFDemo.UWP\XamWPFDemo.UWP.csproj", "{B2C1FCA1-EFDD-4395-99C9-48691D5D5D42}"
EndProject
Project("{FAE04EC0-301F-11D3-BF4B-00C04F79EFBC}") = "XamWPFDemo", "XamWPFDemo\XamWPFDemo\XamWPFDemo.csproj", "{29024844-822D-4C87-B29F-A77C6E8BE5D5}"
EndProject
Project("{FAE04EC0-301F-11D3-BF4B-00C04F79EFBC}") = "XamWPFDemo.WPF", "XamWPFDemo.WPF\XamWPFDemo.WPF.csproj", "{7B0A10CD-C2B5-4D37-A189-2BE382312086}"
EndProject
Global
	GlobalSection(SolutionConfigurationPlatforms) = preSolution
		Ad-Hoc|Any CPU = Ad-Hoc|Any CPU
		Ad-Hoc|ARM = Ad-Hoc|ARM
		Ad-Hoc|iPhone = Ad-Hoc|iPhone
		Ad-Hoc|iPhoneSimulator = Ad-Hoc|iPhoneSimulator
		Ad-Hoc|x64 = Ad-Hoc|x64
		Ad-Hoc|x86 = Ad-Hoc|x86
		AppStore|Any CPU = AppStore|Any CPU
		AppStore|ARM = AppStore|ARM
		AppStore|iPhone = AppStore|iPhone
		AppStore|iPhoneSimulator = AppStore|iPhoneSimulator
		AppStore|x64 = AppStore|x64
		AppStore|x86 = AppStore|x86
		Debug|Any CPU = Debug|Any CPU
		Debug|ARM = Debug|ARM
		Debug|iPhone = Debug|iPhone
		Debug|iPhoneSimulator = Debug|iPhoneSimulator
		Debug|x64 = Debug|x64
		Debug|x86 = Debug|x86
		Release|Any CPU = Release|Any CPU
		Release|ARM = Release|ARM
		Release|iPhone = Release|iPhone
		Release|iPhoneSimulator = Release|iPhoneSimulator
		Release|x64 = Release|x64
		Release|x86 = Release|x86
	EndGlobalSection
	GlobalSection(ProjectConfigurationPlatforms) = postSolution
		{78E95CB6-B26A-4F8E-BCE5-D28ADC6A0163}.Ad-Hoc|Any CPU.ActiveCfg = Release|Any CPU
		{78E95CB6-B26A-4F8E-BCE5-D28ADC6A0163}.Ad-Hoc|Any CPU.Build.0 = Release|Any CPU
		{78E95CB6-B26A-4F8E-BCE5-D28ADC6A0163}.Ad-Hoc|Any CPU.Deploy.0 = Release|Any CPU
		{78E95CB6-B26A-4F8E-BCE5-D28ADC6A0163}.Ad-Hoc|ARM.ActiveCfg = Release|Any CPU
		{78E95CB6-B26A-4F8E-BCE5-D28ADC6A0163}.Ad-Hoc|ARM.Build.0 = Release|Any CPU
		{78E95CB6-B26A-4F8E-BCE5-D28ADC6A0163}.Ad-Hoc|ARM.Deploy.0 = Release|Any CPU
		{78E95CB6-B26A-4F8E-BCE5-D28ADC6A0163}.Ad-Hoc|iPhone.ActiveCfg = Release|Any CPU
		{78E95CB6-B26A-4F8E-BCE5-D28ADC6A0163}.Ad-Hoc|iPhone.Build.0 = Release|Any CPU
		{78E95CB6-B26A-4F8E-BCE5-D28ADC6A0163}.Ad-Hoc|iPhone.Deploy.0 = Release|Any CPU
		{78E95CB6-B26A-4F8E-BCE5-D28ADC6A0163}.Ad-Hoc|iPhoneSimulator.ActiveCfg = Release|Any CPU
		{78E95CB6-B26A-4F8E-BCE5-D28ADC6A0163}.Ad-Hoc|iPhoneSimulator.Build.0 = Release|Any CPU
		{78E95CB6-B26A-4F8E-BCE5-D28ADC6A0163}.Ad-Hoc|iPhoneSimulator.Deploy.0 = Release|Any CPU
		{78E95CB6-B26A-4F8E-BCE5-D28ADC6A0163}.Ad-Hoc|x64.ActiveCfg = Release|Any CPU
		{78E95CB6-B26A-4F8E-BCE5-D28ADC6A0163}.Ad-Hoc|x64.Build.0 = Release|Any CPU
		{78E95CB6-B26A-4F8E-BCE5-D28ADC6A0163}.Ad-Hoc|x64.Deploy.0 = Release|Any CPU
		{78E95CB6-B26A-4F8E-BCE5-D28ADC6A0163}.Ad-Hoc|x86.ActiveCfg = Release|Any CPU
		{78E95CB6-B26A-4F8E-BCE5-D28ADC6A0163}.Ad-Hoc|x86.Build.0 = Release|Any CPU
		{78E95CB6-B26A-4F8E-BCE5-D28ADC6A0163}.Ad-Hoc|x86.Deploy.0 = Release|Any CPU
		{78E95CB6-B26A-4F8E-BCE5-D28ADC6A0163}.AppStore|Any CPU.ActiveCfg = Release|Any CPU
		{78E95CB6-B26A-4F8E-BCE5-D28ADC6A0163}.AppStore|Any CPU.Build.0 = Release|Any CPU
		{78E95CB6-B26A-4F8E-BCE5-D28ADC6A0163}.AppStore|Any CPU.Deploy.0 = Release|Any CPU
		{78E95CB6-B26A-4F8E-BCE5-D28ADC6A0163}.AppStore|ARM.ActiveCfg = Release|Any CPU
		{78E95CB6-B26A-4F8E-BCE5-D28ADC6A0163}.AppStore|ARM.Build.0 = Release|Any CPU
		{78E95CB6-B26A-4F8E-BCE5-D28ADC6A0163}.AppStore|ARM.Deploy.0 = Release|Any CPU
		{78E95CB6-B26A-4F8E-BCE5-D28ADC6A0163}.AppStore|iPhone.ActiveCfg = Release|Any CPU
		{78E95CB6-B26A-4F8E-BCE5-D28ADC6A0163}.AppStore|iPhone.Build.0 = Release|Any CPU
		{78E95CB6-B26A-4F8E-BCE5-D28ADC6A0163}.AppStore|iPhone.Deploy.0 = Release|Any CPU
		{78E95CB6-B26A-4F8E-BCE5-D28ADC6A0163}.AppStore|iPhoneSimulator.ActiveCfg = Release|Any CPU
		{78E95CB6-B26A-4F8E-BCE5-D28ADC6A0163}.AppStore|iPhoneSimulator.Build.0 = Release|Any CPU
		{78E95CB6-B26A-4F8E-BCE5-D28ADC6A0163}.AppStore|iPhoneSimulator.Deploy.0 = Release|Any CPU
		{78E95CB6-B26A-4F8E-BCE5-D28ADC6A0163}.AppStore|x64.ActiveCfg = Release|Any CPU
		{78E95CB6-B26A-4F8E-BCE5-D28ADC6A0163}.AppStore|x64.Build.0 = Release|Any CPU
		{78E95CB6-B26A-4F8E-BCE5-D28ADC6A0163}.AppStore|x64.Deploy.0 = Release|Any CPU
		{78E95CB6-B26A-4F8E-BCE5-D28ADC6A0163}.AppStore|x86.ActiveCfg = Release|Any CPU
		{78E95CB6-B26A-4F8E-BCE5-D28ADC6A0163}.AppStore|x86.Build.0 = Release|Any CPU
		{78E95CB6-B26A-4F8E-BCE5-D28ADC6A0163}.AppStore|x86.Deploy.0 = Release|Any CPU
		{78E95CB6-B26A-4F8E-BCE5-D28ADC6A0163}.Debug|Any CPU.ActiveCfg = Debug|Any CPU
		{78E95CB6-B26A-4F8E-BCE5-D28ADC6A0163}.Debug|Any CPU.Build.0 = Debug|Any CPU
		{78E95CB6-B26A-4F8E-BCE5-D28ADC6A0163}.Debug|Any CPU.Deploy.0 = Debug|Any CPU
		{78E95CB6-B26A-4F8E-BCE5-D28ADC6A0163}.Debug|ARM.ActiveCfg = Debug|Any CPU
		{78E95CB6-B26A-4F8E-BCE5-D28ADC6A0163}.Debug|ARM.Build.0 = Debug|Any CPU
		{78E95CB6-B26A-4F8E-BCE5-D28ADC6A0163}.Debug|ARM.Deploy.0 = Debug|Any CPU
		{78E95CB6-B26A-4F8E-BCE5-D28ADC6A0163}.Debug|iPhone.ActiveCfg = Debug|Any CPU
		{78E95CB6-B26A-4F8E-BCE5-D28ADC6A0163}.Debug|iPhone.Build.0 = Debug|Any CPU
		{78E95CB6-B26A-4F8E-BCE5-D28ADC6A0163}.Debug|iPhone.Deploy.0 = Debug|Any CPU
		{78E95CB6-B26A-4F8E-BCE5-D28ADC6A0163}.Debug|iPhoneSimulator.ActiveCfg = Debug|Any CPU
		{78E95CB6-B26A-4F8E-BCE5-D28ADC6A0163}.Debug|iPhoneSimulator.Build.0 = Debug|Any CPU
		{78E95CB6-B26A-4F8E-BCE5-D28ADC6A0163}.Debug|iPhoneSimulator.Deploy.0 = Debug|Any CPU
		{78E95CB6-B26A-4F8E-BCE5-D28ADC6A0163}.Debug|x64.ActiveCfg = Debug|Any CPU
		{78E95CB6-B26A-4F8E-BCE5-D28ADC6A0163}.Debug|x64.Build.0 = Debug|Any CPU
		{78E95CB6-B26A-4F8E-BCE5-D28ADC6A0163}.Debug|x64.Deploy.0 = Debug|Any CPU
		{78E95CB6-B26A-4F8E-BCE5-D28ADC6A0163}.Debug|x86.ActiveCfg = Debug|Any CPU
		{78E95CB6-B26A-4F8E-BCE5-D28ADC6A0163}.Debug|x86.Build.0 = Debug|Any CPU
		{78E95CB6-B26A-4F8E-BCE5-D28ADC6A0163}.Debug|x86.Deploy.0 = Debug|Any CPU
		{78E95CB6-B26A-4F8E-BCE5-D28ADC6A0163}.Release|Any CPU.ActiveCfg = Release|Any CPU
		{78E95CB6-B26A-4F8E-BCE5-D28ADC6A0163}.Release|Any CPU.Build.0 = Release|Any CPU
		{78E95CB6-B26A-4F8E-BCE5-D28ADC6A0163}.Release|Any CPU.Deploy.0 = Release|Any CPU
		{78E95CB6-B26A-4F8E-BCE5-D28ADC6A0163}.Release|ARM.ActiveCfg = Release|Any CPU
		{78E95CB6-B26A-4F8E-BCE5-D28ADC6A0163}.Release|ARM.Build.0 = Release|Any CPU
		{78E95CB6-B26A-4F8E-BCE5-D28ADC6A0163}.Release|ARM.Deploy.0 = Release|Any CPU
		{78E95CB6-B26A-4F8E-BCE5-D28ADC6A0163}.Release|iPhone.ActiveCfg = Release|Any CPU
		{78E95CB6-B26A-4F8E-BCE5-D28ADC6A0163}.Release|iPhone.Build.0 = Release|Any CPU
		{78E95CB6-B26A-4F8E-BCE5-D28ADC6A0163}.Release|iPhone.Deploy.0 = Release|Any CPU
		{78E95CB6-B26A-4F8E-BCE5-D28ADC6A0163}.Release|iPhoneSimulator.ActiveCfg = Release|Any CPU
		{78E95CB6-B26A-4F8E-BCE5-D28ADC6A0163}.Release|iPhoneSimulator.Build.0 = Release|Any CPU
		{78E95CB6-B26A-4F8E-BCE5-D28ADC6A0163}.Release|iPhoneSimulator.Deploy.0 = Release|Any CPU
		{78E95CB6-B26A-4F8E-BCE5-D28ADC6A0163}.Release|x64.ActiveCfg = Release|Any CPU
		{78E95CB6-B26A-4F8E-BCE5-D28ADC6A0163}.Release|x64.Build.0 = Release|Any CPU
		{78E95CB6-B26A-4F8E-BCE5-D28ADC6A0163}.Release|x64.Deploy.0 = Release|Any CPU
		{78E95CB6-B26A-4F8E-BCE5-D28ADC6A0163}.Release|x86.ActiveCfg = Release|Any CPU
		{78E95CB6-B26A-4F8E-BCE5-D28ADC6A0163}.Release|x86.Build.0 = Release|Any CPU
		{78E95CB6-B26A-4F8E-BCE5-D28ADC6A0163}.Release|x86.Deploy.0 = Release|Any CPU
		{42CFA3F0-AF15-46F0-8D2C-409925826BA7}.Ad-Hoc|Any CPU.ActiveCfg = Ad-Hoc|iPhone
		{42CFA3F0-AF15-46F0-8D2C-409925826BA7}.Ad-Hoc|Any CPU.Build.0 = Ad-Hoc|iPhone
		{42CFA3F0-AF15-46F0-8D2C-409925826BA7}.Ad-Hoc|Any CPU.Deploy.0 = Ad-Hoc|iPhone
		{42CFA3F0-AF15-46F0-8D2C-409925826BA7}.Ad-Hoc|ARM.ActiveCfg = Ad-Hoc|iPhone
		{42CFA3F0-AF15-46F0-8D2C-409925826BA7}.Ad-Hoc|ARM.Build.0 = Ad-Hoc|iPhone
		{42CFA3F0-AF15-46F0-8D2C-409925826BA7}.Ad-Hoc|ARM.Deploy.0 = Ad-Hoc|iPhone
		{42CFA3F0-AF15-46F0-8D2C-409925826BA7}.Ad-Hoc|iPhone.ActiveCfg = Ad-Hoc|iPhone
		{42CFA3F0-AF15-46F0-8D2C-409925826BA7}.Ad-Hoc|iPhone.Build.0 = Ad-Hoc|iPhone
		{42CFA3F0-AF15-46F0-8D2C-409925826BA7}.Ad-Hoc|iPhone.Deploy.0 = Ad-Hoc|iPhone
		{42CFA3F0-AF15-46F0-8D2C-409925826BA7}.Ad-Hoc|iPhoneSimulator.ActiveCfg = Ad-Hoc|iPhoneSimulator
		{42CFA3F0-AF15-46F0-8D2C-409925826BA7}.Ad-Hoc|iPhoneSimulator.Build.0 = Ad-Hoc|iPhoneSimulator
		{42CFA3F0-AF15-46F0-8D2C-409925826BA7}.Ad-Hoc|iPhoneSimulator.Deploy.0 = Ad-Hoc|iPhoneSimulator
		{42CFA3F0-AF15-46F0-8D2C-409925826BA7}.Ad-Hoc|x64.ActiveCfg = Ad-Hoc|iPhone
		{42CFA3F0-AF15-46F0-8D2C-409925826BA7}.Ad-Hoc|x64.Build.0 = Ad-Hoc|iPhone
		{42CFA3F0-AF15-46F0-8D2C-409925826BA7}.Ad-Hoc|x64.Deploy.0 = Ad-Hoc|iPhone
		{42CFA3F0-AF15-46F0-8D2C-409925826BA7}.Ad-Hoc|x86.ActiveCfg = Ad-Hoc|iPhone
		{42CFA3F0-AF15-46F0-8D2C-409925826BA7}.Ad-Hoc|x86.Build.0 = Ad-Hoc|iPhone
		{42CFA3F0-AF15-46F0-8D2C-409925826BA7}.Ad-Hoc|x86.Deploy.0 = Ad-Hoc|iPhone
		{42CFA3F0-AF15-46F0-8D2C-409925826BA7}.AppStore|Any CPU.ActiveCfg = AppStore|iPhone
		{42CFA3F0-AF15-46F0-8D2C-409925826BA7}.AppStore|Any CPU.Build.0 = AppStore|iPhone
		{42CFA3F0-AF15-46F0-8D2C-409925826BA7}.AppStore|Any CPU.Deploy.0 = AppStore|iPhone
		{42CFA3F0-AF15-46F0-8D2C-409925826BA7}.AppStore|ARM.ActiveCfg = AppStore|iPhone
		{42CFA3F0-AF15-46F0-8D2C-409925826BA7}.AppStore|ARM.Build.0 = AppStore|iPhone
		{42CFA3F0-AF15-46F0-8D2C-409925826BA7}.AppStore|ARM.Deploy.0 = AppStore|iPhone
		{42CFA3F0-AF15-46F0-8D2C-409925826BA7}.AppStore|iPhone.ActiveCfg = AppStore|iPhone
		{42CFA3F0-AF15-46F0-8D2C-409925826BA7}.AppStore|iPhone.Build.0 = AppStore|iPhone
		{42CFA3F0-AF15-46F0-8D2C-409925826BA7}.AppStore|iPhone.Deploy.0 = AppStore|iPhone
		{42CFA3F0-AF15-46F0-8D2C-409925826BA7}.AppStore|iPhoneSimulator.ActiveCfg = AppStore|iPhoneSimulator
		{42CFA3F0-AF15-46F0-8D2C-409925826BA7}.AppStore|iPhoneSimulator.Build.0 = AppStore|iPhoneSimulator
		{42CFA3F0-AF15-46F0-8D2C-409925826BA7}.AppStore|iPhoneSimulator.Deploy.0 = AppStore|iPhoneSimulator
		{42CFA3F0-AF15-46F0-8D2C-409925826BA7}.AppStore|x64.ActiveCfg = AppStore|iPhone
		{42CFA3F0-AF15-46F0-8D2C-409925826BA7}.AppStore|x64.Build.0 = AppStore|iPhone
		{42CFA3F0-AF15-46F0-8D2C-409925826BA7}.AppStore|x64.Deploy.0 = AppStore|iPhone
		{42CFA3F0-AF15-46F0-8D2C-409925826BA7}.AppStore|x86.ActiveCfg = AppStore|iPhone
		{42CFA3F0-AF15-46F0-8D2C-409925826BA7}.AppStore|x86.Build.0 = AppStore|iPhone
		{42CFA3F0-AF15-46F0-8D2C-409925826BA7}.AppStore|x86.Deploy.0 = AppStore|iPhone
		{42CFA3F0-AF15-46F0-8D2C-409925826BA7}.Debug|Any CPU.ActiveCfg = Debug|iPhoneSimulator
		{42CFA3F0-AF15-46F0-8D2C-409925826BA7}.Debug|Any CPU.Build.0 = Debug|iPhoneSimulator
		{42CFA3F0-AF15-46F0-8D2C-409925826BA7}.Debug|Any CPU.Deploy.0 = Debug|iPhoneSimulator
		{42CFA3F0-AF15-46F0-8D2C-409925826BA7}.Debug|ARM.ActiveCfg = Debug|iPhone
		{42CFA3F0-AF15-46F0-8D2C-409925826BA7}.Debug|ARM.Build.0 = Debug|iPhone
		{42CFA3F0-AF15-46F0-8D2C-409925826BA7}.Debug|ARM.Deploy.0 = Debug|iPhone
		{42CFA3F0-AF15-46F0-8D2C-409925826BA7}.Debug|iPhone.ActiveCfg = Debug|iPhone
		{42CFA3F0-AF15-46F0-8D2C-409925826BA7}.Debug|iPhone.Build.0 = Debug|iPhone
		{42CFA3F0-AF15-46F0-8D2C-409925826BA7}.Debug|iPhone.Deploy.0 = Debug|iPhone
		{42CFA3F0-AF15-46F0-8D2C-409925826BA7}.Debug|iPhoneSimulator.ActiveCfg = Debug|iPhoneSimulator
		{42CFA3F0-AF15-46F0-8D2C-409925826BA7}.Debug|iPhoneSimulator.Build.0 = Debug|iPhoneSimulator
		{42CFA3F0-AF15-46F0-8D2C-409925826BA7}.Debug|iPhoneSimulator.Deploy.0 = Debug|iPhoneSimulator
		{42CFA3F0-AF15-46F0-8D2C-409925826BA7}.Debug|x64.ActiveCfg = Debug|iPhone
		{42CFA3F0-AF15-46F0-8D2C-409925826BA7}.Debug|x64.Build.0 = Debug|iPhone
		{42CFA3F0-AF15-46F0-8D2C-409925826BA7}.Debug|x64.Deploy.0 = Debug|iPhone
		{42CFA3F0-AF15-46F0-8D2C-409925826BA7}.Debug|x86.ActiveCfg = Debug|iPhone
		{42CFA3F0-AF15-46F0-8D2C-409925826BA7}.Debug|x86.Build.0 = Debug|iPhone
		{42CFA3F0-AF15-46F0-8D2C-409925826BA7}.Debug|x86.Deploy.0 = Debug|iPhone
		{42CFA3F0-AF15-46F0-8D2C-409925826BA7}.Release|Any CPU.ActiveCfg = Release|iPhone
		{42CFA3F0-AF15-46F0-8D2C-409925826BA7}.Release|Any CPU.Build.0 = Release|iPhone
		{42CFA3F0-AF15-46F0-8D2C-409925826BA7}.Release|Any CPU.Deploy.0 = Release|iPhone
		{42CFA3F0-AF15-46F0-8D2C-409925826BA7}.Release|ARM.ActiveCfg = Release|iPhone
		{42CFA3F0-AF15-46F0-8D2C-409925826BA7}.Release|ARM.Build.0 = Release|iPhone
		{42CFA3F0-AF15-46F0-8D2C-409925826BA7}.Release|ARM.Deploy.0 = Release|iPhone
		{42CFA3F0-AF15-46F0-8D2C-409925826BA7}.Release|iPhone.ActiveCfg = Release|iPhone
		{42CFA3F0-AF15-46F0-8D2C-409925826BA7}.Release|iPhone.Build.0 = Release|iPhone
		{42CFA3F0-AF15-46F0-8D2C-409925826BA7}.Release|iPhone.Deploy.0 = Release|iPhone
		{42CFA3F0-AF15-46F0-8D2C-409925826BA7}.Release|iPhoneSimulator.ActiveCfg = Release|iPhoneSimulator
		{42CFA3F0-AF15-46F0-8D2C-409925826BA7}.Release|iPhoneSimulator.Build.0 = Release|iPhoneSimulator
		{42CFA3F0-AF15-46F0-8D2C-409925826BA7}.Release|iPhoneSimulator.Deploy.0 = Release|iPhoneSimulator
		{42CFA3F0-AF15-46F0-8D2C-409925826BA7}.Release|x64.ActiveCfg = Release|iPhone
		{42CFA3F0-AF15-46F0-8D2C-409925826BA7}.Release|x64.Build.0 = Release|iPhone
		{42CFA3F0-AF15-46F0-8D2C-409925826BA7}.Release|x64.Deploy.0 = Release|iPhone
		{42CFA3F0-AF15-46F0-8D2C-409925826BA7}.Release|x86.ActiveCfg = Release|iPhone
		{42CFA3F0-AF15-46F0-8D2C-409925826BA7}.Release|x86.Build.0 = Release|iPhone
		{42CFA3F0-AF15-46F0-8D2C-409925826BA7}.Release|x86.Deploy.0 = Release|iPhone
		{B2C1FCA1-EFDD-4395-99C9-48691D5D5D42}.Ad-Hoc|Any CPU.ActiveCfg = Release|x86
		{B2C1FCA1-EFDD-4395-99C9-48691D5D5D42}.Ad-Hoc|Any CPU.Build.0 = Release|x86
		{B2C1FCA1-EFDD-4395-99C9-48691D5D5D42}.Ad-Hoc|Any CPU.Deploy.0 = Release|x86
		{B2C1FCA1-EFDD-4395-99C9-48691D5D5D42}.Ad-Hoc|ARM.ActiveCfg = Release|ARM
		{B2C1FCA1-EFDD-4395-99C9-48691D5D5D42}.Ad-Hoc|ARM.Build.0 = Release|ARM
		{B2C1FCA1-EFDD-4395-99C9-48691D5D5D42}.Ad-Hoc|ARM.Deploy.0 = Release|ARM
		{B2C1FCA1-EFDD-4395-99C9-48691D5D5D42}.Ad-Hoc|iPhone.ActiveCfg = Release|x86
		{B2C1FCA1-EFDD-4395-99C9-48691D5D5D42}.Ad-Hoc|iPhone.Build.0 = Release|x86
		{B2C1FCA1-EFDD-4395-99C9-48691D5D5D42}.Ad-Hoc|iPhone.Deploy.0 = Release|x86
		{B2C1FCA1-EFDD-4395-99C9-48691D5D5D42}.Ad-Hoc|iPhoneSimulator.ActiveCfg = Release|x86
		{B2C1FCA1-EFDD-4395-99C9-48691D5D5D42}.Ad-Hoc|iPhoneSimulator.Build.0 = Release|x86
		{B2C1FCA1-EFDD-4395-99C9-48691D5D5D42}.Ad-Hoc|iPhoneSimulator.Deploy.0 = Release|x86
		{B2C1FCA1-EFDD-4395-99C9-48691D5D5D42}.Ad-Hoc|x64.ActiveCfg = Release|x64
		{B2C1FCA1-EFDD-4395-99C9-48691D5D5D42}.Ad-Hoc|x64.Build.0 = Release|x64
		{B2C1FCA1-EFDD-4395-99C9-48691D5D5D42}.Ad-Hoc|x64.Deploy.0 = Release|x64
		{B2C1FCA1-EFDD-4395-99C9-48691D5D5D42}.Ad-Hoc|x86.ActiveCfg = Release|x86
		{B2C1FCA1-EFDD-4395-99C9-48691D5D5D42}.Ad-Hoc|x86.Build.0 = Release|x86
		{B2C1FCA1-EFDD-4395-99C9-48691D5D5D42}.Ad-Hoc|x86.Deploy.0 = Release|x86
		{B2C1FCA1-EFDD-4395-99C9-48691D5D5D42}.AppStore|Any CPU.ActiveCfg = Release|x86
		{B2C1FCA1-EFDD-4395-99C9-48691D5D5D42}.AppStore|Any CPU.Build.0 = Release|x86
		{B2C1FCA1-EFDD-4395-99C9-48691D5D5D42}.AppStore|Any CPU.Deploy.0 = Release|x86
		{B2C1FCA1-EFDD-4395-99C9-48691D5D5D42}.AppStore|ARM.ActiveCfg = Release|ARM
		{B2C1FCA1-EFDD-4395-99C9-48691D5D5D42}.AppStore|ARM.Build.0 = Release|ARM
		{B2C1FCA1-EFDD-4395-99C9-48691D5D5D42}.AppStore|ARM.Deploy.0 = Release|ARM
		{B2C1FCA1-EFDD-4395-99C9-48691D5D5D42}.AppStore|iPhone.ActiveCfg = Release|x86
		{B2C1FCA1-EFDD-4395-99C9-48691D5D5D42}.AppStore|iPhone.Build.0 = Release|x86
		{B2C1FCA1-EFDD-4395-99C9-48691D5D5D42}.AppStore|iPhone.Deploy.0 = Release|x86
		{B2C1FCA1-EFDD-4395-99C9-48691D5D5D42}.AppStore|iPhoneSimulator.ActiveCfg = Release|x86
		{B2C1FCA1-EFDD-4395-99C9-48691D5D5D42}.AppStore|iPhoneSimulator.Build.0 = Release|x86
		{B2C1FCA1-EFDD-4395-99C9-48691D5D5D42}.AppStore|iPhoneSimulator.Deploy.0 = Release|x86
		{B2C1FCA1-EFDD-4395-99C9-48691D5D5D42}.AppStore|x64.ActiveCfg = Release|x64
		{B2C1FCA1-EFDD-4395-99C9-48691D5D5D42}.AppStore|x64.Build.0 = Release|x64
		{B2C1FCA1-EFDD-4395-99C9-48691D5D5D42}.AppStore|x64.Deploy.0 = Release|x64
		{B2C1FCA1-EFDD-4395-99C9-48691D5D5D42}.AppStore|x86.ActiveCfg = Release|x86
		{B2C1FCA1-EFDD-4395-99C9-48691D5D5D42}.AppStore|x86.Build.0 = Release|x86
		{B2C1FCA1-EFDD-4395-99C9-48691D5D5D42}.AppStore|x86.Deploy.0 = Release|x86
		{B2C1FCA1-EFDD-4395-99C9-48691D5D5D42}.Debug|Any CPU.ActiveCfg = Debug|x86
		{B2C1FCA1-EFDD-4395-99C9-48691D5D5D42}.Debug|Any CPU.Build.0 = Debug|x86
		{B2C1FCA1-EFDD-4395-99C9-48691D5D5D42}.Debug|Any CPU.Deploy.0 = Debug|x86
		{B2C1FCA1-EFDD-4395-99C9-48691D5D5D42}.Debug|ARM.ActiveCfg = Debug|ARM
		{B2C1FCA1-EFDD-4395-99C9-48691D5D5D42}.Debug|ARM.Build.0 = Debug|ARM
		{B2C1FCA1-EFDD-4395-99C9-48691D5D5D42}.Debug|ARM.Deploy.0 = Debug|ARM
		{B2C1FCA1-EFDD-4395-99C9-48691D5D5D42}.Debug|iPhone.ActiveCfg = Debug|x86
		{B2C1FCA1-EFDD-4395-99C9-48691D5D5D42}.Debug|iPhone.Build.0 = Debug|x86
		{B2C1FCA1-EFDD-4395-99C9-48691D5D5D42}.Debug|iPhone.Deploy.0 = Debug|x86
		{B2C1FCA1-EFDD-4395-99C9-48691D5D5D42}.Debug|iPhoneSimulator.ActiveCfg = Debug|x86
		{B2C1FCA1-EFDD-4395-99C9-48691D5D5D42}.Debug|iPhoneSimulator.Build.0 = Debug|x86
		{B2C1FCA1-EFDD-4395-99C9-48691D5D5D42}.Debug|iPhoneSimulator.Deploy.0 = Debug|x86
		{B2C1FCA1-EFDD-4395-99C9-48691D5D5D42}.Debug|x64.ActiveCfg = Debug|x64
		{B2C1FCA1-EFDD-4395-99C9-48691D5D5D42}.Debug|x64.Build.0 = Debug|x64
		{B2C1FCA1-EFDD-4395-99C9-48691D5D5D42}.Debug|x64.Deploy.0 = Debug|x64
		{B2C1FCA1-EFDD-4395-99C9-48691D5D5D42}.Debug|x86.ActiveCfg = Debug|x86
		{B2C1FCA1-EFDD-4395-99C9-48691D5D5D42}.Debug|x86.Build.0 = Debug|x86
		{B2C1FCA1-EFDD-4395-99C9-48691D5D5D42}.Debug|x86.Deploy.0 = Debug|x86
		{B2C1FCA1-EFDD-4395-99C9-48691D5D5D42}.Release|Any CPU.ActiveCfg = Release|x86
		{B2C1FCA1-EFDD-4395-99C9-48691D5D5D42}.Release|Any CPU.Build.0 = Release|x86
		{B2C1FCA1-EFDD-4395-99C9-48691D5D5D42}.Release|Any CPU.Deploy.0 = Release|x86
		{B2C1FCA1-EFDD-4395-99C9-48691D5D5D42}.Release|ARM.ActiveCfg = Release|ARM
		{B2C1FCA1-EFDD-4395-99C9-48691D5D5D42}.Release|ARM.Build.0 = Release|ARM
		{B2C1FCA1-EFDD-4395-99C9-48691D5D5D42}.Release|ARM.Deploy.0 = Release|ARM
		{B2C1FCA1-EFDD-4395-99C9-48691D5D5D42}.Release|iPhone.ActiveCfg = Release|x86
		{B2C1FCA1-EFDD-4395-99C9-48691D5D5D42}.Release|iPhone.Build.0 = Release|x86
		{B2C1FCA1-EFDD-4395-99C9-48691D5D5D42}.Release|iPhone.Deploy.0 = Release|x86
		{B2C1FCA1-EFDD-4395-99C9-48691D5D5D42}.Release|iPhoneSimulator.ActiveCfg = Release|x86
		{B2C1FCA1-EFDD-4395-99C9-48691D5D5D42}.Release|iPhoneSimulator.Build.0 = Release|x86
		{B2C1FCA1-EFDD-4395-99C9-48691D5D5D42}.Release|iPhoneSimulator.Deploy.0 = Release|x86
		{B2C1FCA1-EFDD-4395-99C9-48691D5D5D42}.Release|x64.ActiveCfg = Release|x64
		{B2C1FCA1-EFDD-4395-99C9-48691D5D5D42}.Release|x64.Build.0 = Release|x64
		{B2C1FCA1-EFDD-4395-99C9-48691D5D5D42}.Release|x64.Deploy.0 = Release|x64
		{B2C1FCA1-EFDD-4395-99C9-48691D5D5D42}.Release|x86.ActiveCfg = Release|x86
		{B2C1FCA1-EFDD-4395-99C9-48691D5D5D42}.Release|x86.Build.0 = Release|x86
		{B2C1FCA1-EFDD-4395-99C9-48691D5D5D42}.Release|x86.Deploy.0 = Release|x86
		{29024844-822D-4C87-B29F-A77C6E8BE5D5}.Ad-Hoc|Any CPU.ActiveCfg = Debug|Any CPU
		{29024844-822D-4C87-B29F-A77C6E8BE5D5}.Ad-Hoc|Any CPU.Build.0 = Debug|Any CPU
		{29024844-822D-4C87-B29F-A77C6E8BE5D5}.Ad-Hoc|Any CPU.Deploy.0 = Debug|Any CPU
		{29024844-822D-4C87-B29F-A77C6E8BE5D5}.Ad-Hoc|ARM.ActiveCfg = Debug|Any CPU
		{29024844-822D-4C87-B29F-A77C6E8BE5D5}.Ad-Hoc|ARM.Build.0 = Debug|Any CPU
		{29024844-822D-4C87-B29F-A77C6E8BE5D5}.Ad-Hoc|ARM.Deploy.0 = Debug|Any CPU
		{29024844-822D-4C87-B29F-A77C6E8BE5D5}.Ad-Hoc|iPhone.ActiveCfg = Debug|Any CPU
		{29024844-822D-4C87-B29F-A77C6E8BE5D5}.Ad-Hoc|iPhone.Build.0 = Debug|Any CPU
		{29024844-822D-4C87-B29F-A77C6E8BE5D5}.Ad-Hoc|iPhone.Deploy.0 = Debug|Any CPU
		{29024844-822D-4C87-B29F-A77C6E8BE5D5}.Ad-Hoc|iPhoneSimulator.ActiveCfg = Debug|Any CPU
		{29024844-822D-4C87-B29F-A77C6E8BE5D5}.Ad-Hoc|iPhoneSimulator.Build.0 = Debug|Any CPU
		{29024844-822D-4C87-B29F-A77C6E8BE5D5}.Ad-Hoc|iPhoneSimulator.Deploy.0 = Debug|Any CPU
		{29024844-822D-4C87-B29F-A77C6E8BE5D5}.Ad-Hoc|x64.ActiveCfg = Debug|Any CPU
		{29024844-822D-4C87-B29F-A77C6E8BE5D5}.Ad-Hoc|x64.Build.0 = Debug|Any CPU
		{29024844-822D-4C87-B29F-A77C6E8BE5D5}.Ad-Hoc|x64.Deploy.0 = Debug|Any CPU
		{29024844-822D-4C87-B29F-A77C6E8BE5D5}.Ad-Hoc|x86.ActiveCfg = Debug|Any CPU
		{29024844-822D-4C87-B29F-A77C6E8BE5D5}.Ad-Hoc|x86.Build.0 = Debug|Any CPU
		{29024844-822D-4C87-B29F-A77C6E8BE5D5}.Ad-Hoc|x86.Deploy.0 = Debug|Any CPU
		{29024844-822D-4C87-B29F-A77C6E8BE5D5}.AppStore|Any CPU.ActiveCfg = Debug|Any CPU
		{29024844-822D-4C87-B29F-A77C6E8BE5D5}.AppStore|Any CPU.Build.0 = Debug|Any CPU
		{29024844-822D-4C87-B29F-A77C6E8BE5D5}.AppStore|Any CPU.Deploy.0 = Debug|Any CPU
		{29024844-822D-4C87-B29F-A77C6E8BE5D5}.AppStore|ARM.ActiveCfg = Debug|Any CPU
		{29024844-822D-4C87-B29F-A77C6E8BE5D5}.AppStore|ARM.Build.0 = Debug|Any CPU
		{29024844-822D-4C87-B29F-A77C6E8BE5D5}.AppStore|ARM.Deploy.0 = Debug|Any CPU
		{29024844-822D-4C87-B29F-A77C6E8BE5D5}.AppStore|iPhone.ActiveCfg = Debug|Any CPU
		{29024844-822D-4C87-B29F-A77C6E8BE5D5}.AppStore|iPhone.Build.0 = Debug|Any CPU
		{29024844-822D-4C87-B29F-A77C6E8BE5D5}.AppStore|iPhone.Deploy.0 = Debug|Any CPU
		{29024844-822D-4C87-B29F-A77C6E8BE5D5}.AppStore|iPhoneSimulator.ActiveCfg = Debug|Any CPU
		{29024844-822D-4C87-B29F-A77C6E8BE5D5}.AppStore|iPhoneSimulator.Build.0 = Debug|Any CPU
		{29024844-822D-4C87-B29F-A77C6E8BE5D5}.AppStore|iPhoneSimulator.Deploy.0 = Debug|Any CPU
		{29024844-822D-4C87-B29F-A77C6E8BE5D5}.AppStore|x64.ActiveCfg = Debug|Any CPU
		{29024844-822D-4C87-B29F-A77C6E8BE5D5}.AppStore|x64.Build.0 = Debug|Any CPU
		{29024844-822D-4C87-B29F-A77C6E8BE5D5}.AppStore|x64.Deploy.0 = Debug|Any CPU
		{29024844-822D-4C87-B29F-A77C6E8BE5D5}.AppStore|x86.ActiveCfg = Debug|Any CPU
		{29024844-822D-4C87-B29F-A77C6E8BE5D5}.AppStore|x86.Build.0 = Debug|Any CPU
		{29024844-822D-4C87-B29F-A77C6E8BE5D5}.AppStore|x86.Deploy.0 = Debug|Any CPU
		{29024844-822D-4C87-B29F-A77C6E8BE5D5}.Debug|Any CPU.ActiveCfg = Debug|Any CPU
		{29024844-822D-4C87-B29F-A77C6E8BE5D5}.Debug|Any CPU.Build.0 = Debug|Any CPU
		{29024844-822D-4C87-B29F-A77C6E8BE5D5}.Debug|Any CPU.Deploy.0 = Debug|Any CPU
		{29024844-822D-4C87-B29F-A77C6E8BE5D5}.Debug|ARM.ActiveCfg = Debug|Any CPU
		{29024844-822D-4C87-B29F-A77C6E8BE5D5}.Debug|ARM.Build.0 = Debug|Any CPU
		{29024844-822D-4C87-B29F-A77C6E8BE5D5}.Debug|ARM.Deploy.0 = Debug|Any CPU
		{29024844-822D-4C87-B29F-A77C6E8BE5D5}.Debug|iPhone.ActiveCfg = Debug|Any CPU
		{29024844-822D-4C87-B29F-A77C6E8BE5D5}.Debug|iPhone.Build.0 = Debug|Any CPU
		{29024844-822D-4C87-B29F-A77C6E8BE5D5}.Debug|iPhone.Deploy.0 = Debug|Any CPU
		{29024844-822D-4C87-B29F-A77C6E8BE5D5}.Debug|iPhoneSimulator.ActiveCfg = Debug|Any CPU
		{29024844-822D-4C87-B29F-A77C6E8BE5D5}.Debug|iPhoneSimulator.Build.0 = Debug|Any CPU
		{29024844-822D-4C87-B29F-A77C6E8BE5D5}.Debug|iPhoneSimulator.Deploy.0 = Debug|Any CPU
		{29024844-822D-4C87-B29F-A77C6E8BE5D5}.Debug|x64.ActiveCfg = Debug|Any CPU
		{29024844-822D-4C87-B29F-A77C6E8BE5D5}.Debug|x64.Build.0 = Debug|Any CPU
		{29024844-822D-4C87-B29F-A77C6E8BE5D5}.Debug|x64.Deploy.0 = Debug|Any CPU
		{29024844-822D-4C87-B29F-A77C6E8BE5D5}.Debug|x86.ActiveCfg = Debug|Any CPU
		{29024844-822D-4C87-B29F-A77C6E8BE5D5}.Debug|x86.Build.0 = Debug|Any CPU
		{29024844-822D-4C87-B29F-A77C6E8BE5D5}.Debug|x86.Deploy.0 = Debug|Any CPU
		{29024844-822D-4C87-B29F-A77C6E8BE5D5}.Release|Any CPU.ActiveCfg = Release|Any CPU
		{29024844-822D-4C87-B29F-A77C6E8BE5D5}.Release|Any CPU.Build.0 = Release|Any CPU
		{29024844-822D-4C87-B29F-A77C6E8BE5D5}.Release|Any CPU.Deploy.0 = Release|Any CPU
		{29024844-822D-4C87-B29F-A77C6E8BE5D5}.Release|ARM.ActiveCfg = Release|Any CPU
		{29024844-822D-4C87-B29F-A77C6E8BE5D5}.Release|ARM.Build.0 = Release|Any CPU
		{29024844-822D-4C87-B29F-A77C6E8BE5D5}.Release|ARM.Deploy.0 = Release|Any CPU
		{29024844-822D-4C87-B29F-A77C6E8BE5D5}.Release|iPhone.ActiveCfg = Release|Any CPU
		{29024844-822D-4C87-B29F-A77C6E8BE5D5}.Release|iPhone.Build.0 = Release|Any CPU
		{29024844-822D-4C87-B29F-A77C6E8BE5D5}.Release|iPhone.Deploy.0 = Release|Any CPU
		{29024844-822D-4C87-B29F-A77C6E8BE5D5}.Release|iPhoneSimulator.ActiveCfg = Release|Any CPU
		{29024844-822D-4C87-B29F-A77C6E8BE5D5}.Release|iPhoneSimulator.Build.0 = Release|Any CPU
		{29024844-822D-4C87-B29F-A77C6E8BE5D5}.Release|iPhoneSimulator.Deploy.0 = Release|Any CPU
		{29024844-822D-4C87-B29F-A77C6E8BE5D5}.Release|x64.ActiveCfg = Release|Any CPU
		{29024844-822D-4C87-B29F-A77C6E8BE5D5}.Release|x64.Build.0 = Release|Any CPU
		{29024844-822D-4C87-B29F-A77C6E8BE5D5}.Release|x64.Deploy.0 = Release|Any CPU
		{29024844-822D-4C87-B29F-A77C6E8BE5D5}.Release|x86.ActiveCfg = Release|Any CPU
		{29024844-822D-4C87-B29F-A77C6E8BE5D5}.Release|x86.Build.0 = Release|Any CPU
		{29024844-822D-4C87-B29F-A77C6E8BE5D5}.Release|x86.Deploy.0 = Release|Any CPU
		{7B0A10CD-C2B5-4D37-A189-2BE382312086}.Ad-Hoc|Any CPU.ActiveCfg = Release|Any CPU
		{7B0A10CD-C2B5-4D37-A189-2BE382312086}.Ad-Hoc|Any CPU.Build.0 = Release|Any CPU
		{7B0A10CD-C2B5-4D37-A189-2BE382312086}.Ad-Hoc|ARM.ActiveCfg = Release|Any CPU
		{7B0A10CD-C2B5-4D37-A189-2BE382312086}.Ad-Hoc|ARM.Build.0 = Release|Any CPU
		{7B0A10CD-C2B5-4D37-A189-2BE382312086}.Ad-Hoc|iPhone.ActiveCfg = Release|Any CPU
		{7B0A10CD-C2B5-4D37-A189-2BE382312086}.Ad-Hoc|iPhone.Build.0 = Release|Any CPU
		{7B0A10CD-C2B5-4D37-A189-2BE382312086}.Ad-Hoc|iPhoneSimulator.ActiveCfg = Release|Any CPU
		{7B0A10CD-C2B5-4D37-A189-2BE382312086}.Ad-Hoc|iPhoneSimulator.Build.0 = Release|Any CPU
		{7B0A10CD-C2B5-4D37-A189-2BE382312086}.Ad-Hoc|x64.ActiveCfg = Release|Any CPU
		{7B0A10CD-C2B5-4D37-A189-2BE382312086}.Ad-Hoc|x64.Build.0 = Release|Any CPU
		{7B0A10CD-C2B5-4D37-A189-2BE382312086}.Ad-Hoc|x86.ActiveCfg = Release|Any CPU
		{7B0A10CD-C2B5-4D37-A189-2BE382312086}.Ad-Hoc|x86.Build.0 = Release|Any CPU
		{7B0A10CD-C2B5-4D37-A189-2BE382312086}.AppStore|Any CPU.ActiveCfg = Release|Any CPU
		{7B0A10CD-C2B5-4D37-A189-2BE382312086}.AppStore|Any CPU.Build.0 = Release|Any CPU
		{7B0A10CD-C2B5-4D37-A189-2BE382312086}.AppStore|ARM.ActiveCfg = Release|Any CPU
		{7B0A10CD-C2B5-4D37-A189-2BE382312086}.AppStore|ARM.Build.0 = Release|Any CPU
		{7B0A10CD-C2B5-4D37-A189-2BE382312086}.AppStore|iPhone.ActiveCfg = Release|Any CPU
		{7B0A10CD-C2B5-4D37-A189-2BE382312086}.AppStore|iPhone.Build.0 = Release|Any CPU
		{7B0A10CD-C2B5-4D37-A189-2BE382312086}.AppStore|iPhoneSimulator.ActiveCfg = Release|Any CPU
		{7B0A10CD-C2B5-4D37-A189-2BE382312086}.AppStore|iPhoneSimulator.Build.0 = Release|Any CPU
		{7B0A10CD-C2B5-4D37-A189-2BE382312086}.AppStore|x64.ActiveCfg = Release|Any CPU
		{7B0A10CD-C2B5-4D37-A189-2BE382312086}.AppStore|x64.Build.0 = Release|Any CPU
		{7B0A10CD-C2B5-4D37-A189-2BE382312086}.AppStore|x86.ActiveCfg = Release|Any CPU
		{7B0A10CD-C2B5-4D37-A189-2BE382312086}.AppStore|x86.Build.0 = Release|Any CPU
		{7B0A10CD-C2B5-4D37-A189-2BE382312086}.Debug|Any CPU.ActiveCfg = Debug|Any CPU
		{7B0A10CD-C2B5-4D37-A189-2BE382312086}.Debug|Any CPU.Build.0 = Debug|Any CPU
		{7B0A10CD-C2B5-4D37-A189-2BE382312086}.Debug|ARM.ActiveCfg = Debug|Any CPU
		{7B0A10CD-C2B5-4D37-A189-2BE382312086}.Debug|ARM.Build.0 = Debug|Any CPU
		{7B0A10CD-C2B5-4D37-A189-2BE382312086}.Debug|iPhone.ActiveCfg = Debug|Any CPU
		{7B0A10CD-C2B5-4D37-A189-2BE382312086}.Debug|iPhone.Build.0 = Debug|Any CPU
		{7B0A10CD-C2B5-4D37-A189-2BE382312086}.Debug|iPhoneSimulator.ActiveCfg = Debug|Any CPU
		{7B0A10CD-C2B5-4D37-A189-2BE382312086}.Debug|iPhoneSimulator.Build.0 = Debug|Any CPU
		{7B0A10CD-C2B5-4D37-A189-2BE382312086}.Debug|x64.ActiveCfg = Debug|Any CPU
		{7B0A10CD-C2B5-4D37-A189-2BE382312086}.Debug|x64.Build.0 = Debug|Any CPU
		{7B0A10CD-C2B5-4D37-A189-2BE382312086}.Debug|x86.ActiveCfg = Debug|Any CPU
		{7B0A10CD-C2B5-4D37-A189-2BE382312086}.Debug|x86.Build.0 = Debug|Any CPU
		{7B0A10CD-C2B5-4D37-A189-2BE382312086}.Release|Any CPU.ActiveCfg = Release|Any CPU
		{7B0A10CD-C2B5-4D37-A189-2BE382312086}.Release|Any CPU.Build.0 = Release|Any CPU
		{7B0A10CD-C2B5-4D37-A189-2BE382312086}.Release|ARM.ActiveCfg = Release|Any CPU
		{7B0A10CD-C2B5-4D37-A189-2BE382312086}.Release|ARM.Build.0 = Release|Any CPU
		{7B0A10CD-C2B5-4D37-A189-2BE382312086}.Release|iPhone.ActiveCfg = Release|Any CPU
		{7B0A10CD-C2B5-4D37-A189-2BE382312086}.Release|iPhone.Build.0 = Release|Any CPU
		{7B0A10CD-C2B5-4D37-A189-2BE382312086}.Release|iPhoneSimulator.ActiveCfg = Release|Any CPU
		{7B0A10CD-C2B5-4D37-A189-2BE382312086}.Release|iPhoneSimulator.Build.0 = Release|Any CPU
		{7B0A10CD-C2B5-4D37-A189-2BE382312086}.Release|x64.ActiveCfg = Release|Any CPU
		{7B0A10CD-C2B5-4D37-A189-2BE382312086}.Release|x64.Build.0 = Release|Any CPU
		{7B0A10CD-C2B5-4D37-A189-2BE382312086}.Release|x86.ActiveCfg = Release|Any CPU
		{7B0A10CD-C2B5-4D37-A189-2BE382312086}.Release|x86.Build.0 = Release|Any CPU
	EndGlobalSection
	GlobalSection(SolutionProperties) = preSolution
		HideSolutionNode = FALSE
	EndGlobalSection
	GlobalSection(ExtensibilityGlobals) = postSolution
		SolutionGuid = {85785D61-6120-47E2-81B8-7D0DAB51C209}
	EndGlobalSection
EndGlobal
